
Microsoft Visual Studio Solution File, Format Version 12.00
# Visual Studio Version 16
VisualStudioVersion = 16.0.29926.136
MinimumVisualStudioVersion = 10.0.40219.1
Project("{9A19103F-16F7-4668-BE54-9A1E7A4F7556}") = "CalendarApp.Web", "CalendarApp.Web\CalendarApp.Web.csproj", "{946C8A09-0EFD-49FD-AA8E-7924C406484A}"
EndProject
Project("{9A19103F-16F7-4668-BE54-9A1E7A4F7556}") = "CalendarApp.Model", "CalendarApp.Model\CalendarApp.Model.csproj", "{C0527230-7384-4D5F-A73E-9AF6F35F0BC6}"
EndProject
Project("{9A19103F-16F7-4668-BE54-9A1E7A4F7556}") = "CalendarApp.Db", "CalendarApp.Db\CalendarApp.Db.csproj", "{CDDC225B-F908-47CD-A7A3-4E0963F6CB44}"
EndProject
Project("{9A19103F-16F7-4668-BE54-9A1E7A4F7556}") = "CalendarApp.Service", "CalendarApp.Service\CalendarApp.Service.csproj", "{4872A8C1-A89F-4017-B257-426E1F131D78}"
EndProject
Project("{FAE04EC0-301F-11D3-BF4B-00C04F79EFBC}") = "CalendarApp.Util", "CalendarApp.Util\CalendarApp.Util.csproj", "{4DC1AD7A-542D-4532-9A96-2A69B86A7438}"
EndProject
Project("{FAE04EC0-301F-11D3-BF4B-00C04F79EFBC}") = "CalendarApp.Util.Test", "CalendarApp.Util.Test\CalendarApp.Util.Test.csproj", "{E65387D5-9552-474B-AE97-16D5FF376D81}"
EndProject
Global
	GlobalSection(SolutionConfigurationPlatforms) = preSolution
		Debug|Any CPU = Debug|Any CPU
		Release|Any CPU = Release|Any CPU
	EndGlobalSection
	GlobalSection(ProjectConfigurationPlatforms) = postSolution
		{946C8A09-0EFD-49FD-AA8E-7924C406484A}.Debug|Any CPU.ActiveCfg = Debug|Any CPU
		{946C8A09-0EFD-49FD-AA8E-7924C406484A}.Debug|Any CPU.Build.0 = Debug|Any CPU
		{946C8A09-0EFD-49FD-AA8E-7924C406484A}.Release|Any CPU.ActiveCfg = Release|Any CPU
		{946C8A09-0EFD-49FD-AA8E-7924C406484A}.Release|Any CPU.Build.0 = Release|Any CPU
		{C0527230-7384-4D5F-A73E-9AF6F35F0BC6}.Debug|Any CPU.ActiveCfg = Debug|Any CPU
		{C0527230-7384-4D5F-A73E-9AF6F35F0BC6}.Debug|Any CPU.Build.0 = Debug|Any CPU
		{C0527230-7384-4D5F-A73E-9AF6F35F0BC6}.Release|Any CPU.ActiveCfg = Release|Any CPU
		{C0527230-7384-4D5F-A73E-9AF6F35F0BC6}.Release|Any CPU.Build.0 = Release|Any CPU
		{CDDC225B-F908-47CD-A7A3-4E0963F6CB44}.Debug|Any CPU.ActiveCfg = Debug|Any CPU
		{CDDC225B-F908-47CD-A7A3-4E0963F6CB44}.Debug|Any CPU.Build.0 = Debug|Any CPU
		{CDDC225B-F908-47CD-A7A3-4E0963F6CB44}.Release|Any CPU.ActiveCfg = Release|Any CPU
		{CDDC225B-F908-47CD-A7A3-4E0963F6CB44}.Release|Any CPU.Build.0 = Release|Any CPU
		{4872A8C1-A89F-4017-B257-426E1F131D78}.Debug|Any CPU.ActiveCfg = Debug|Any CPU
		{4872A8C1-A89F-4017-B257-426E1F131D78}.Debug|Any CPU.Build.0 = Debug|Any CPU
		{4872A8C1-A89F-4017-B257-426E1F131D78}.Release|Any CPU.ActiveCfg = Release|Any CPU
		{4872A8C1-A89F-4017-B257-426E1F131D78}.Release|Any CPU.Build.0 = Release|Any CPU
		{4DC1AD7A-542D-4532-9A96-2A69B86A7438}.Debug|Any CPU.ActiveCfg = Debug|Any CPU
		{4DC1AD7A-542D-4532-9A96-2A69B86A7438}.Debug|Any CPU.Build.0 = Debug|Any CPU
		{4DC1AD7A-542D-4532-9A96-2A69B86A7438}.Release|Any CPU.ActiveCfg = Release|Any CPU
		{4DC1AD7A-542D-4532-9A96-2A69B86A7438}.Release|Any CPU.Build.0 = Release|Any CPU
		{E65387D5-9552-474B-AE97-16D5FF376D81}.Debug|Any CPU.ActiveCfg = Debug|Any CPU
		{E65387D5-9552-474B-AE97-16D5FF376D81}.Debug|Any CPU.Build.0 = Debug|Any CPU
		{E65387D5-9552-474B-AE97-16D5FF376D81}.Release|Any CPU.ActiveCfg = Release|Any CPU
		{E65387D5-9552-474B-AE97-16D5FF376D81}.Release|Any CPU.Build.0 = Release|Any CPU
	EndGlobalSection
	GlobalSection(SolutionProperties) = preSolution
		HideSolutionNode = FALSE
	EndGlobalSection
	GlobalSection(ExtensibilityGlobals) = postSolution
		SolutionGuid = {9C43C495-5B52-4C1B-AC8E-D2E9C80FD57C}
	EndGlobalSection
EndGlobal
